// !$*UTF8*$!
{
	archiveVersion = 1;
	classes = {
	};
	objectVersion = 77;
	objects = {

/* Begin PBXContainerItemProxy section */
		72FBC5FF2DB73CA50022BBD6 /* PBXContainerItemProxy */ = {
			isa = PBXContainerItemProxy;
			containerPortal = 72FBC5E62DB73CA40022BBD6 /* Project object */;
			proxyType = 1;
			remoteGlobalIDString = 72FBC5ED2DB73CA40022BBD6;
			remoteInfo = CardDex;
		};
		72FBC6092DB73CA50022BBD6 /* PBXContainerItemProxy */ = {
			isa = PBXContainerItemProxy;
			containerPortal = 72FBC5E62DB73CA40022BBD6 /* Project object */;
			proxyType = 1;
			remoteGlobalIDString = 72FBC5ED2DB73CA40022BBD6;
			remoteInfo = CardDex;
		};
/* End PBXContainerItemProxy section */

/* Begin PBXFileReference section */
		72FBC5EE2DB73CA40022BBD6 /* CardDex.app */ = {isa = PBXFileReference; explicitFileType = wrapper.application; includeInIndex = 0; path = CardDex.app; sourceTree = BUILT_PRODUCTS_DIR; };
		72FBC5FE2DB73CA50022BBD6 /* CardDexTests.xctest */ = {isa = PBXFileReference; explicitFileType = wrapper.cfbundle; includeInIndex = 0; path = CardDexTests.xctest; sourceTree = BUILT_PRODUCTS_DIR; };
		72FBC6082DB73CA50022BBD6 /* CardDexUITests.xctest */ = {isa = PBXFileReference; explicitFileType = wrapper.cfbundle; includeInIndex = 0; path = CardDexUITests.xctest; sourceTree = BUILT_PRODUCTS_DIR; };
/* End PBXFileReference section */

/* Begin PBXFileSystemSynchronizedRootGroup section */
		72FBC5F02DB73CA40022BBD6 /* CardDex */ = {
			isa = PBXFileSystemSynchronizedRootGroup;
			path = CardDex;
			sourceTree = "<group>";
		};
		72FBC6012DB73CA50022BBD6 /* CardDexTests */ = {
			isa = PBXFileSystemSynchronizedRootGroup;
			path = CardDexTests;
			sourceTree = "<group>";
		};
		72FBC60B2DB73CA50022BBD6 /* CardDexUITests */ = {
			isa = PBXFileSystemSynchronizedRootGroup;
			path = CardDexUITests;
			sourceTree = "<group>";
		};
/* End PBXFileSystemSynchronizedRootGroup section */

/* Begin PBXFrameworksBuildPhase section */
		72FBC5EB2DB73CA40022BBD6 /* Frameworks */ = {
			isa = PBXFrameworksBuildPhase;
			buildActionMask = 2147483647;
			files = (
			);
			runOnlyForDeploymentPostprocessing = 0;
		};
		72FBC5FB2DB73CA50022BBD6 /* Frameworks */ = {
			isa = PBXFrameworksBuildPhase;
			buildActionMask = 2147483647;
			files = (
			);
			runOnlyForDeploymentPostprocessing = 0;
		};
		72FBC6052DB73CA50022BBD6 /* Frameworks */ = {
			isa = PBXFrameworksBuildPhase;
			buildActionMask = 2147483647;
			files = (
			);
			runOnlyForDeploymentPostprocessing = 0;
		};
/* End PBXFrameworksBuildPhase section */

/* Begin PBXGroup section */
		72FBC5E52DB73CA40022BBD6 = {
			isa = PBXGroup;
			children = (
				72FBC5F02DB73CA40022BBD6 /* CardDex */,
				72FBC6012DB73CA50022BBD6 /* CardDexTests */,
				72FBC60B2DB73CA50022BBD6 /* CardDexUITests */,
				72FBC5EF2DB73CA40022BBD6 /* Products */,
			);
			sourceTree = "<group>";
		};
		72FBC5EF2DB73CA40022BBD6 /* Products */ = {
			isa = PBXGroup;
			children = (
				72FBC5EE2DB73CA40022BBD6 /* CardDex.app */,
				72FBC5FE2DB73CA50022BBD6 /* CardDexTests.xctest */,
				72FBC6082DB73CA50022BBD6 /* CardDexUITests.xctest */,
			);
			name = Products;
			sourceTree = "<group>";
		};
/* End PBXGroup section */

/* Begin PBXNativeTarget section */
		72FBC5ED2DB73CA40022BBD6 /* CardDex */ = {
			isa = PBXNativeTarget;
			buildConfigurationList = 72FBC6122DB73CA50022BBD6 /* Build configuration list for PBXNativeTarget "CardDex" */;
			buildPhases = (
				72FBC5EA2DB73CA40022BBD6 /* Sources */,
				72FBC5EB2DB73CA40022BBD6 /* Frameworks */,
				72FBC5EC2DB73CA40022BBD6 /* Resources */,
			);
			buildRules = (
			);
			dependencies = (
			);
			fileSystemSynchronizedGroups = (
				72FBC5F02DB73CA40022BBD6 /* CardDex */,
			);
			name = CardDex;
			packageProductDependencies = (
			);
			productName = CardDex;
			productReference = 72FBC5EE2DB73CA40022BBD6 /* CardDex.app */;
			productType = "com.apple.product-type.application";
		};
		72FBC5FD2DB73CA50022BBD6 /* CardDexTests */ = {
			isa = PBXNativeTarget;
			buildConfigurationList = 72FBC6152DB73CA50022BBD6 /* Build configuration list for PBXNativeTarget "CardDexTests" */;
			buildPhases = (
				72FBC5FA2DB73CA50022BBD6 /* Sources */,
				72FBC5FB2DB73CA50022BBD6 /* Frameworks */,
				72FBC5FC2DB73CA50022BBD6 /* Resources */,
			);
			buildRules = (
			);
			dependencies = (
				72FBC6002DB73CA50022BBD6 /* PBXTargetDependency */,
			);
			fileSystemSynchronizedGroups = (
				72FBC6012DB73CA50022BBD6 /* CardDexTests */,
			);
			name = CardDexTests;
			packageProductDependencies = (
			);
			productName = CardDexTests;
			productReference = 72FBC5FE2DB73CA50022BBD6 /* CardDexTests.xctest */;
			productType = "com.apple.product-type.bundle.unit-test";
		};
		72FBC6072DB73CA50022BBD6 /* CardDexUITests */ = {
			isa = PBXNativeTarget;
			buildConfigurationList = 72FBC6182DB73CA50022BBD6 /* Build configuration list for PBXNativeTarget "CardDexUITests" */;
			buildPhases = (
				72FBC6042DB73CA50022BBD6 /* Sources */,
				72FBC6052DB73CA50022BBD6 /* Frameworks */,
				72FBC6062DB73CA50022BBD6 /* Resources */,
			);
			buildRules = (
			);
			dependencies = (
				72FBC60A2DB73CA50022BBD6 /* PBXTargetDependency */,
			);
			fileSystemSynchronizedGroups = (
				72FBC60B2DB73CA50022BBD6 /* CardDexUITests */,
			);
			name = CardDexUITests;
			packageProductDependencies = (
			);
			productName = CardDexUITests;
			productReference = 72FBC6082DB73CA50022BBD6 /* CardDexUITests.xctest */;
			productType = "com.apple.product-type.bundle.ui-testing";
		};
/* End PBXNativeTarget section */

/* Begin PBXProject section */
		72FBC5E62DB73CA40022BBD6 /* Project object */ = {
			isa = PBXProject;
			attributes = {
				BuildIndependentTargetsInParallel = 1;
				LastSwiftUpdateCheck = 1620;
				LastUpgradeCheck = 1620;
				TargetAttributes = {
					72FBC5ED2DB73CA40022BBD6 = {
						CreatedOnToolsVersion = 16.2;
					};
					72FBC5FD2DB73CA50022BBD6 = {
						CreatedOnToolsVersion = 16.2;
						TestTargetID = 72FBC5ED2DB73CA40022BBD6;
					};
					72FBC6072DB73CA50022BBD6 = {
						CreatedOnToolsVersion = 16.2;
						TestTargetID = 72FBC5ED2DB73CA40022BBD6;
					};
				};
			};
			buildConfigurationList = 72FBC5E92DB73CA40022BBD6 /* Build configuration list for PBXProject "CardDex" */;
			developmentRegion = en;
			hasScannedForEncodings = 0;
			knownRegions = (
				en,
				Base,
			);
			mainGroup = 72FBC5E52DB73CA40022BBD6;
			minimizedProjectReferenceProxies = 1;
			preferredProjectObjectVersion = 77;
			productRefGroup = 72FBC5EF2DB73CA40022BBD6 /* Products */;
			projectDirPath = "";
			projectRoot = "";
			targets = (
				72FBC5ED2DB73CA40022BBD6 /* CardDex */,
				72FBC5FD2DB73CA50022BBD6 /* CardDexTests */,
				72FBC6072DB73CA50022BBD6 /* CardDexUITests */,
			);
		};
/* End PBXProject section */

/* Begin PBXResourcesBuildPhase section */
		72FBC5EC2DB73CA40022BBD6 /* Resources */ = {
			isa = PBXResourcesBuildPhase;
			buildActionMask = 2147483647;
			files = (
			);
			runOnlyForDeploymentPostprocessing = 0;
		};
		72FBC5FC2DB73CA50022BBD6 /* Resources */ = {
			isa = PBXResourcesBuildPhase;
			buildActionMask = 2147483647;
			files = (
			);
			runOnlyForDeploymentPostprocessing = 0;
		};
		72FBC6062DB73CA50022BBD6 /* Resources */ = {
			isa = PBXResourcesBuildPhase;
			buildActionMask = 2147483647;
			files = (
			);
			runOnlyForDeploymentPostprocessing = 0;
		};
/* End PBXResourcesBuildPhase section */

/* Begin PBXSourcesBuildPhase section */
		72FBC5EA2DB73CA40022BBD6 /* Sources */ = {
			isa = PBXSourcesBuildPhase;
			buildActionMask = 2147483647;
			files = (
			);
			runOnlyForDeploymentPostprocessing = 0;
		};
		72FBC5FA2DB73CA50022BBD6 /* Sources */ = {
			isa = PBXSourcesBuildPhase;
			buildActionMask = 2147483647;
			files = (
			);
			runOnlyForDeploymentPostprocessing = 0;
		};
		72FBC6042DB73CA50022BBD6 /* Sources */ = {
			isa = PBXSourcesBuildPhase;
			buildActionMask = 2147483647;
			files = (
			);
			runOnlyForDeploymentPostprocessing = 0;
		};
/* End PBXSourcesBuildPhase section */

/* Begin PBXTargetDependency section */
		72FBC6002DB73CA50022BBD6 /* PBXTargetDependency */ = {
			isa = PBXTargetDependency;
			target = 72FBC5ED2DB73CA40022BBD6 /* CardDex */;
			targetProxy = 72FBC5FF2DB73CA50022BBD6 /* PBXContainerItemProxy */;
		};
		72FBC60A2DB73CA50022BBD6 /* PBXTargetDependency */ = {
			isa = PBXTargetDependency;
			target = 72FBC5ED2DB73CA40022BBD6 /* CardDex */;
			targetProxy = 72FBC6092DB73CA50022BBD6 /* PBXContainerItemProxy */;
		};
/* End PBXTargetDependency section */

/* Begin XCBuildConfiguration section */
		72FBC6102DB73CA50022BBD6 /* Debug */ = {
			isa = XCBuildConfiguration;
			buildSettings = {
				ALWAYS_SEARCH_USER_PATHS = NO;
				ASSETCATALOG_COMPILER_GENERATE_SWIFT_ASSET_SYMBOL_EXTENSIONS = YES;
				CLANG_ANALYZER_NONNULL = YES;
				CLANG_ANALYZER_NUMBER_OBJECT_CONVERSION = YES_AGGRESSIVE;
				CLANG_CXX_LANGUAGE_STANDARD = "gnu++20";
				CLANG_ENABLE_MODULES = YES;
				CLANG_ENABLE_OBJC_ARC = YES;
				CLANG_ENABLE_OBJC_WEAK = YES;
				CLANG_WARN_BLOCK_CAPTURE_AUTORELEASING = YES;
				CLANG_WARN_BOOL_CONVERSION = YES;
				CLANG_WARN_COMMA = YES;
				CLANG_WARN_CONSTANT_CONVERSION = YES;
				CLANG_WARN_DEPRECATED_OBJC_IMPLEMENTATIONS = YES;
				CLANG_WARN_DIRECT_OBJC_ISA_USAGE = YES_ERROR;
				CLANG_WARN_DOCUMENTATION_COMMENTS = YES;
				CLANG_WARN_EMPTY_BODY = YES;
				CLANG_WARN_ENUM_CONVERSION = YES;
				CLANG_WARN_INFINITE_RECURSION = YES;
				CLANG_WARN_INT_CONVERSION = YES;
				CLANG_WARN_NON_LITERAL_NULL_CONVERSION = YES;
				CLANG_WARN_OBJC_IMPLICIT_RETAIN_SELF = YES;
				CLANG_WARN_OBJC_LITERAL_CONVERSION = YES;
				CLANG_WARN_OBJC_ROOT_CLASS = YES_ERROR;
				CLANG_WARN_QUOTED_INCLUDE_IN_FRAMEWORK_HEADER = YES;
				CLANG_WARN_RANGE_LOOP_ANALYSIS = YES;
				CLANG_WARN_STRICT_PROTOTYPES = YES;
				CLANG_WARN_SUSPICIOUS_MOVE = YES;
				CLANG_WARN_UNGUARDED_AVAILABILITY = YES_AGGRESSIVE;
				CLANG_WARN_UNREACHABLE_CODE = YES;
				CLANG_WARN__DUPLICATE_METHOD_MATCH = YES;
				COPY_PHASE_STRIP = NO;
				DEBUG_INFORMATION_FORMAT = dwarf;
				ENABLE_STRICT_OBJC_MSGSEND = YES;
				ENABLE_TESTABILITY = YES;
				ENABLE_USER_SCRIPT_SANDBOXING = YES;
				GCC_C_LANGUAGE_STANDARD = gnu17;
				GCC_DYNAMIC_NO_PIC = NO;
				GCC_NO_COMMON_BLOCKS = YES;
				GCC_OPTIMIZATION_LEVEL = 0;
				GCC_PREPROCESSOR_DEFINITIONS = (
					"DEBUG=1",
					"$(inherited)",
				);
				GCC_WARN_64_TO_32_BIT_CONVERSION = YES;
				GCC_WARN_ABOUT_RETURN_TYPE = YES_ERROR;
				GCC_WARN_UNDECLARED_SELECTOR = YES;
				GCC_WARN_UNINITIALIZED_AUTOS = YES_AGGRESSIVE;
				GCC_WARN_UNUSED_FUNCTION = YES;
				GCC_WARN_UNUSED_VARIABLE = YES;
				IPHONEOS_DEPLOYMENT_TARGET = 18.2;
				LOCALIZATION_PREFERS_STRING_CATALOGS = YES;
				MTL_ENABLE_DEBUG_INFO = INCLUDE_SOURCE;
				MTL_FAST_MATH = YES;
				ONLY_ACTIVE_ARCH = YES;
				SDKROOT = iphoneos;
				SWIFT_ACTIVE_COMPILATION_CONDITIONS = "DEBUG $(inherited)";
				SWIFT_OPTIMIZATION_LEVEL = "-Onone";
			};
			name = Debug;
		};
		72FBC6112DB73CA50022BBD6 /* Release */ = {
			isa = XCBuildConfiguration;
			buildSettings = {
				ALWAYS_SEARCH_USER_PATHS = NO;
				ASSETCATALOG_COMPILER_GENERATE_SWIFT_ASSET_SYMBOL_EXTENSIONS = YES;
				CLANG_ANALYZER_NONNULL = YES;
				CLANG_ANALYZER_NUMBER_OBJECT_CONVERSION = YES_AGGRESSIVE;
				CLANG_CXX_LANGUAGE_STANDARD = "gnu++20";
				CLANG_ENABLE_MODULES = YES;
				CLANG_ENABLE_OBJC_ARC = YES;
				CLANG_ENABLE_OBJC_WEAK = YES;
				CLANG_WARN_BLOCK_CAPTURE_AUTORELEASING = YES;
				CLANG_WARN_BOOL_CONVERSION = YES;
				CLANG_WARN_COMMA = YES;
				CLANG_WARN_CONSTANT_CONVERSION = YES;
				CLANG_WARN_DEPRECATED_OBJC_IMPLEMENTATIONS = YES;
				CLANG_WARN_DIRECT_OBJC_ISA_USAGE = YES_ERROR;
				CLANG_WARN_DOCUMENTATION_COMMENTS = YES;
				CLANG_WARN_EMPTY_BODY = YES;
				CLANG_WARN_ENUM_CONVERSION = YES;
				CLANG_WARN_INFINITE_RECURSION = YES;
				CLANG_WARN_INT_CONVERSION = YES;
				CLANG_WARN_NON_LITERAL_NULL_CONVERSION = YES;
				CLANG_WARN_OBJC_IMPLICIT_RETAIN_SELF = YES;
				CLANG_WARN_OBJC_LITERAL_CONVERSION = YES;
				CLANG_WARN_OBJC_ROOT_CLASS = YES_ERROR;
				CLANG_WARN_QUOTED_INCLUDE_IN_FRAMEWORK_HEADER = YES;
				CLANG_WARN_RANGE_LOOP_ANALYSIS = YES;
				CLANG_WARN_STRICT_PROTOTYPES = YES;
				CLANG_WARN_SUSPICIOUS_MOVE = YES;
				CLANG_WARN_UNGUARDED_AVAILABILITY = YES_AGGRESSIVE;
				CLANG_WARN_UNREACHABLE_CODE = YES;
				CLANG_WARN__DUPLICATE_METHOD_MATCH = YES;
				COPY_PHASE_STRIP = NO;
				DEBUG_INFORMATION_FORMAT = "dwarf-with-dsym";
				ENABLE_NS_ASSERTIONS = NO;
				ENABLE_STRICT_OBJC_MSGSEND = YES;
				ENABLE_USER_SCRIPT_SANDBOXING = YES;
				GCC_C_LANGUAGE_STANDARD = gnu17;
				GCC_NO_COMMON_BLOCKS = YES;
				GCC_WARN_64_TO_32_BIT_CONVERSION = YES;
				GCC_WARN_ABOUT_RETURN_TYPE = YES_ERROR;
				GCC_WARN_UNDECLARED_SELECTOR = YES;
				GCC_WARN_UNINITIALIZED_AUTOS = YES_AGGRESSIVE;
				GCC_WARN_UNUSED_FUNCTION = YES;
				GCC_WARN_UNUSED_VARIABLE = YES;
				IPHONEOS_DEPLOYMENT_TARGET = 18.2;
				LOCALIZATION_PREFERS_STRING_CATALOGS = YES;
				MTL_ENABLE_DEBUG_INFO = NO;
				MTL_FAST_MATH = YES;
				SDKROOT = iphoneos;
				SWIFT_COMPILATION_MODE = wholemodule;
				VALIDATE_PRODUCT = YES;
			};
			name = Release;
		};
		72FBC6132DB73CA50022BBD6 /* Debug */ = {
			isa = XCBuildConfiguration;
			buildSettings = {
				ASSETCATALOG_COMPILER_APPICON_NAME = AppIcon;
				ASSETCATALOG_COMPILER_GLOBAL_ACCENT_COLOR_NAME = AccentColor;
				CODE_SIGN_STYLE = Automatic;
				CURRENT_PROJECT_VERSION = 1;
				DEVELOPMENT_ASSET_PATHS = "\"CardDex/Preview Content\"";
				ENABLE_PREVIEWS = YES;
				GENERATE_INFOPLIST_FILE = YES;
				INFOPLIST_KEY_UIApplicationSceneManifest_Generation = YES;
				INFOPLIST_KEY_UIApplicationSupportsIndirectInputEvents = YES;
				INFOPLIST_KEY_UILaunchScreen_Generation = YES;
				INFOPLIST_KEY_UISupportedInterfaceOrientations_iPad = "UIInterfaceOrientationPortrait UIInterfaceOrientationPortraitUpsideDown UIInterfaceOrientationLandscapeLeft UIInterfaceOrientationLandscapeRight";
				INFOPLIST_KEY_UISupportedInterfaceOrientations_iPhone = "UIInterfaceOrientationPortrait UIInterfaceOrientationLandscapeLeft UIInterfaceOrientationLandscapeRight";
				LD_RUNPATH_SEARCH_PATHS = (
					"$(inherited)",
					"@executable_path/Frameworks",
				);
				MARKETING_VERSION = 1.0;
				PRODUCT_BUNDLE_IDENTIFIER = test.CardDex;
				PRODUCT_NAME = "$(TARGET_NAME)";
				SWIFT_EMIT_LOC_STRINGS = YES;
				SWIFT_VERSION = 5.0;
				TARGETED_DEVICE_FAMILY = "1,2";
			};
			name = Debug;
		};
		72FBC6142DB73CA50022BBD6 /* Release */ = {
			isa = XCBuildConfiguration;
			buildSettings = {
				ASSETCATALOG_COMPILER_APPICON_NAME = AppIcon;
				ASSETCATALOG_COMPILER_GLOBAL_ACCENT_COLOR_NAME = AccentColor;
				CODE_SIGN_STYLE = Automatic;
				CURRENT_PROJECT_VERSION = 1;
				DEVELOPMENT_ASSET_PATHS = "\"CardDex/Preview Content\"";
				ENABLE_PREVIEWS = YES;
				GENERATE_INFOPLIST_FILE = YES;
				INFOPLIST_KEY_UIApplicationSceneManifest_Generation = YES;
				INFOPLIST_KEY_UIApplicationSupportsIndirectInputEvents = YES;
				INFOPLIST_KEY_UILaunchScreen_Generation = YES;
				INFOPLIST_KEY_UISupportedInterfaceOrientations_iPad = "UIInterfaceOrientationPortrait UIInterfaceOrientationPortraitUpsideDown UIInterfaceOrientationLandscapeLeft UIInterfaceOrientationLandscapeRight";
				INFOPLIST_KEY_UISupportedInterfaceOrientations_iPhone = "UIInterfaceOrientationPortrait UIInterfaceOrientationLandscapeLeft UIInterfaceOrientationLandscapeRight";
				LD_RUNPATH_SEARCH_PATHS = (
					"$(inherited)",
					"@executable_path/Frameworks",
				);
				MARKETING_VERSION = 1.0;
				PRODUCT_BUNDLE_IDENTIFIER = test.CardDex;
				PRODUCT_NAME = "$(TARGET_NAME)";
				SWIFT_EMIT_LOC_STRINGS = YES;
				SWIFT_VERSION = 5.0;
				TARGETED_DEVICE_FAMILY = "1,2";
			};
			name = Release;
		};
		72FBC6162DB73CA50022BBD6 /* Debug */ = {
			isa = XCBuildConfiguration;
			buildSettings = {
				BUNDLE_LOADER = "$(TEST_HOST)";
				CODE_SIGN_STYLE = Automatic;
				CURRENT_PROJECT_VERSION = 1;
				GENERATE_INFOPLIST_FILE = YES;
				IPHONEOS_DEPLOYMENT_TARGET = 18.2;
				MARKETING_VERSION = 1.0;
				PRODUCT_BUNDLE_IDENTIFIER = test.CardDexTests;
				PRODUCT_NAME = "$(TARGET_NAME)";
				SWIFT_EMIT_LOC_STRINGS = NO;
				SWIFT_VERSION = 5.0;
				TARGETED_DEVICE_FAMILY = "1,2";
				TEST_HOST = "$(BUILT_PRODUCTS_DIR)/CardDex.app/$(BUNDLE_EXECUTABLE_FOLDER_PATH)/CardDex";
			};
			name = Debug;
		};
		72FBC6172DB73CA50022BBD6 /* Release */ = {
			isa = XCBuildConfiguration;
			buildSettings = {
				BUNDLE_LOADER = "$(TEST_HOST)";
				CODE_SIGN_STYLE = Automatic;
				CURRENT_PROJECT_VERSION = 1;
				GENERATE_INFOPLIST_FILE = YES;
				IPHONEOS_DEPLOYMENT_TARGET = 18.2;
				MARKETING_VERSION = 1.0;
				PRODUCT_BUNDLE_IDENTIFIER = test.CardDexTests;
				PRODUCT_NAME = "$(TARGET_NAME)";
				SWIFT_EMIT_LOC_STRINGS = NO;
				SWIFT_VERSION = 5.0;
				TARGETED_DEVICE_FAMILY = "1,2";
				TEST_HOST = "$(BUILT_PRODUCTS_DIR)/CardDex.app/$(BUNDLE_EXECUTABLE_FOLDER_PATH)/CardDex";
			};
			name = Release;
		};
		72FBC6192DB73CA50022BBD6 /* Debug */ = {
			isa = XCBuildConfiguration;
			buildSettings = {
				CODE_SIGN_STYLE = Automatic;
				CURRENT_PROJECT_VERSION = 1;
				GENERATE_INFOPLIST_FILE = YES;
				MARKETING_VERSION = 1.0;
				PRODUCT_BUNDLE_IDENTIFIER = test.CardDexUITests;
				PRODUCT_NAME = "$(TARGET_NAME)";
				SWIFT_EMIT_LOC_STRINGS = NO;
				SWIFT_VERSION = 5.0;
				TARGETED_DEVICE_FAMILY = "1,2";
				TEST_TARGET_NAME = CardDex;
			};
			name = Debug;
		};
		72FBC61A2DB73CA50022BBD6 /* Release */ = {
			isa = XCBuildConfiguration;
			buildSettings = {
				CODE_SIGN_STYLE = Automatic;
				CURRENT_PROJECT_VERSION = 1;
				GENERATE_INFOPLIST_FILE = YES;
				MARKETING_VERSION = 1.0;
				PRODUCT_BUNDLE_IDENTIFIER = test.CardDexUITests;
				PRODUCT_NAME = "$(TARGET_NAME)";
				SWIFT_EMIT_LOC_STRINGS = NO;
				SWIFT_VERSION = 5.0;
				TARGETED_DEVICE_FAMILY = "1,2";
				TEST_TARGET_NAME = CardDex;
			};
			name = Release;
		};
/* End XCBuildConfiguration section */

/* Begin XCConfigurationList section */
		72FBC5E92DB73CA40022BBD6 /* Build configuration list for PBXProject "CardDex" */ = {
			isa = XCConfigurationList;
			buildConfigurations = (
				72FBC6102DB73CA50022BBD6 /* Debug */,
				72FBC6112DB73CA50022BBD6 /* Release */,
			);
			defaultConfigurationIsVisible = 0;
			defaultConfigurationName = Release;
		};
		72FBC6122DB73CA50022BBD6 /* Build configuration list for PBXNativeTarget "CardDex" */ = {
			isa = XCConfigurationList;
			buildConfigurations = (
				72FBC6132DB73CA50022BBD6 /* Debug */,
				72FBC6142DB73CA50022BBD6 /* Release */,
			);
			defaultConfigurationIsVisible = 0;
			defaultConfigurationName = Release;
		};
		72FBC6152DB73CA50022BBD6 /* Build configuration list for PBXNativeTarget "CardDexTests" */ = {
			isa = XCConfigurationList;
			buildConfigurations = (
				72FBC6162DB73CA50022BBD6 /* Debug */,
				72FBC6172DB73CA50022BBD6 /* Release */,
			);
			defaultConfigurationIsVisible = 0;
			defaultConfigurationName = Release;
		};
		72FBC6182DB73CA50022BBD6 /* Build configuration list for PBXNativeTarget "CardDexUITests" */ = {
			isa = XCConfigurationList;
			buildConfigurations = (
				72FBC6192DB73CA50022BBD6 /* Debug */,
				72FBC61A2DB73CA50022BBD6 /* Release */,
			);
			defaultConfigurationIsVisible = 0;
			defaultConfigurationName = Release;
		};
/* End XCConfigurationList section */
	};
	rootObject = 72FBC5E62DB73CA40022BBD6 /* Project object */;
}
